
Microsoft Visual Studio Solution File, Format Version 12.00
# Visual Studio Version 17
VisualStudioVersion = 17.2.32519.379
MinimumVisualStudioVersion = 10.0.40219.1
Project("{FAE04EC0-301F-11D3-BF4B-00C04F79EFBC}") = "GoBeauty.Emails.Sender", "src\GoBeauty.Emails.Sender\GoBeauty.Emails.Sender.csproj", "{B8DEFB36-E051-43EE-ACD1-B5F10F266462}"
EndProject
Global
	GlobalSection(SolutionConfigurationPlatforms) = preSolution
		Debug|Any CPU = Debug|Any CPU
		Release|Any CPU = Release|Any CPU
	EndGlobalSection
	GlobalSection(ProjectConfigurationPlatforms) = postSolution
		{B8DEFB36-E051-43EE-ACD1-B5F10F266462}.Debug|Any CPU.ActiveCfg = Debug|Any CPU
		{B8DEFB36-E051-43EE-ACD1-B5F10F266462}.Debug|Any CPU.Build.0 = Debug|Any CPU
		{B8DEFB36-E051-43EE-ACD1-B5F10F266462}.Release|Any CPU.ActiveCfg = Release|Any CPU
		{B8DEFB36-E051-43EE-ACD1-B5F10F266462}.Release|Any CPU.Build.0 = Release|Any CPU
	EndGlobalSection
	GlobalSection(SolutionProperties) = preSolution
		HideSolutionNode = FALSE
	EndGlobalSection
	GlobalSection(ExtensibilityGlobals) = postSolution
		SolutionGuid = {A72B5465-C31B-4120-81AE-C2539A7F6A36}
	EndGlobalSection
EndGlobal
